
Microsoft Visual Studio Solution File, Format Version 12.00
# Visual Studio 15
VisualStudioVersion = 15.0.37131.7
MinimumVisualStudioVersion = 10.0.40219.1
Project("{FAE04EC0-301F-11D3-BF4B-00C04F79EFBC}") = "Gestor_eCommerce_WebApp", "Gestor_eCommerce_WebApp\Gestor_eCommerce_WebApp.csproj", "{BF34BE8C-A452-4365-94D8-67E297FDF42C}"
EndProject
Project("{FAE04EC0-301F-11D3-BF4B-00C04F79EFBC}") = "Dominio", "ClassLibrary1\Dominio.csproj", "{8F8B7094-2964-42B9-AC2F-85B2F3447519}"
EndProject
Global
	GlobalSection(SolutionConfigurationPlatforms) = preSolution
		Debug|Any CPU = Debug|Any CPU
		Release|Any CPU = Release|Any CPU
	EndGlobalSection
	GlobalSection(ProjectConfigurationPlatforms) = postSolution
		{BF34BE8C-A452-4365-94D8-67E297FDF42C}.Debug|Any CPU.ActiveCfg = Debug|Any CPU
		{BF34BE8C-A452-4365-94D8-67E297FDF42C}.Debug|Any CPU.Build.0 = Debug|Any CPU
		{BF34BE8C-A452-4365-94D8-67E297FDF42C}.Release|Any CPU.ActiveCfg = Release|Any CPU
		{BF34BE8C-A452-4365-94D8-67E297FDF42C}.Release|Any CPU.Build.0 = Release|Any CPU
		{8F8B7094-2964-42B9-AC2F-85B2F3447519}.Debug|Any CPU.ActiveCfg = Debug|Any CPU
		{8F8B7094-2964-42B9-AC2F-85B2F3447519}.Debug|Any CPU.Build.0 = Debug|Any CPU
		{8F8B7094-2964-42B9-AC2F-85B2F3447519}.Release|Any CPU.ActiveCfg = Release|Any CPU
		{8F8B7094-2964-42B9-AC2F-85B2F3447519}.Release|Any CPU.Build.0 = Release|Any CPU
	EndGlobalSection
	GlobalSection(SolutionProperties) = preSolution
		HideSolutionNode = FALSE
	EndGlobalSection
	GlobalSection(ExtensibilityGlobals) = postSolution
		SolutionGuid = {410BFE72-68B4-4DA3-8418-9137203641CB}
	EndGlobalSection
EndGlobal
